// !$*UTF8*$!
{
	archiveVersion = 1;
	classes = {
	};
	objectVersion = 50;
	objects = {

/* Begin PBXBuildFile section */
		47E20CDC23384EA60094A591 /* AppDelegate.swift in Sources */ = {isa = PBXBuildFile; fileRef = 47E20CDB23384EA60094A591 /* AppDelegate.swift */; };
		47E20CDE23384EA60094A591 /* SceneDelegate.swift in Sources */ = {isa = PBXBuildFile; fileRef = 47E20CDD23384EA60094A591 /* SceneDelegate.swift */; };
		47E20CE023384EA60094A591 /* TodoListViewController.swift in Sources */ = {isa = PBXBuildFile; fileRef = 47E20CDF23384EA60094A591 /* TodoListViewController.swift */; };
		47E20CE323384EA60094A591 /* Main.storyboard in Resources */ = {isa = PBXBuildFile; fileRef = 47E20CE123384EA60094A591 /* Main.storyboard */; };
		47E20CE523384EA60094A591 /* Assets.xcassets in Resources */ = {isa = PBXBuildFile; fileRef = 47E20CE423384EA60094A591 /* Assets.xcassets */; };
		47E20CE823384EA60094A591 /* LaunchScreen.storyboard in Resources */ = {isa = PBXBuildFile; fileRef = 47E20CE623384EA60094A591 /* LaunchScreen.storyboard */; };
/* End PBXBuildFile section */

/* Begin PBXFileReference section */
		47E20CD823384EA60094A591 /* Todoey2.app */ = {isa = PBXFileReference; explicitFileType = wrapper.application; includeInIndex = 0; path = Todoey2.app; sourceTree = BUILT_PRODUCTS_DIR; };
		47E20CDB23384EA60094A591 /* AppDelegate.swift */ = {isa = PBXFileReference; lastKnownFileType = sourcecode.swift; path = AppDelegate.swift; sourceTree = "<group>"; };
		47E20CDD23384EA60094A591 /* SceneDelegate.swift */ = {isa = PBXFileReference; lastKnownFileType = sourcecode.swift; path = SceneDelegate.swift; sourceTree = "<group>"; };
		47E20CDF23384EA60094A591 /* TodoListViewController.swift */ = {isa = PBXFileReference; lastKnownFileType = sourcecode.swift; path = TodoListViewController.swift; sourceTree = "<group>"; };
		47E20CE223384EA60094A591 /* Base */ = {isa = PBXFileReference; lastKnownFileType = file.storyboard; name = Base; path = Base.lproj/Main.storyboard; sourceTree = "<group>"; };
		47E20CE423384EA60094A591 /* Assets.xcassets */ = {isa = PBXFileReference; lastKnownFileType = folder.assetcatalog; path = Assets.xcassets; sourceTree = "<group>"; };
		47E20CE723384EA60094A591 /* Base */ = {isa = PBXFileReference; lastKnownFileType = file.storyboard; name = Base; path = Base.lproj/LaunchScreen.storyboard; sourceTree = "<group>"; };
		47E20CE923384EA60094A591 /* Info.plist */ = {isa = PBXFileReference; lastKnownFileType = text.plist.xml; path = Info.plist; sourceTree = "<group>"; };
/* End PBXFileReference section */

/* Begin PBXFrameworksBuildPhase section */
		47E20CD523384EA60094A591 /* Frameworks */ = {
			isa = PBXFrameworksBuildPhase;
			buildActionMask = 2147483647;
			files = (
			);
			runOnlyForDeploymentPostprocessing = 0;
		};
/* End PBXFrameworksBuildPhase section */

/* Begin PBXGroup section */
		47E20CCF23384EA60094A591 = {
			isa = PBXGroup;
			children = (
				47E20CDA23384EA60094A591 /* Todoey2 */,
				47E20CD923384EA60094A591 /* Products */,
			);
			sourceTree = "<group>";
		};
		47E20CD923384EA60094A591 /* Products */ = {
			isa = PBXGroup;
			children = (
				47E20CD823384EA60094A591 /* Todoey2.app */,
			);
			name = Products;
			sourceTree = "<group>";
		};
		47E20CDA23384EA60094A591 /* Todoey2 */ = {
			isa = PBXGroup;
			children = (
				47E20CDB23384EA60094A591 /* AppDelegate.swift */,
				47E20CDD23384EA60094A591 /* SceneDelegate.swift */,
				47E20CDF23384EA60094A591 /* TodoListViewController.swift */,
				47E20CE123384EA60094A591 /* Main.storyboard */,
				47E20CE423384EA60094A591 /* Assets.xcassets */,
				47E20CE623384EA60094A591 /* LaunchScreen.storyboard */,
				47E20CE923384EA60094A591 /* Info.plist */,
			);
			path = Todoey2;
			sourceTree = "<group>";
		};
/* End PBXGroup section */

/* Begin PBXNativeTarget section */
		47E20CD723384EA60094A591 /* Todoey2 */ = {
			isa = PBXNativeTarget;
			buildConfigurationList = 47E20CEC23384EA60094A591 /* Build configuration list for PBXNativeTarget "Todoey2" */;
			buildPhases = (
				47E20CD423384EA60094A591 /* Sources */,
				47E20CD523384EA60094A591 /* Frameworks */,
				47E20CD623384EA60094A591 /* Resources */,
			);
			buildRules = (
			);
			dependencies = (
			);
			name = Todoey2;
			productName = Todoey2;
			productReference = 47E20CD823384EA60094A591 /* Todoey2.app */;
			productType = "com.apple.product-type.application";
		};
/* End PBXNativeTarget section */

/* Begin PBXProject section */
		47E20CD023384EA60094A591 /* Project object */ = {
			isa = PBXProject;
			attributes = {
				LastSwiftUpdateCheck = 1100;
				LastUpgradeCheck = 1100;
				ORGANIZATIONNAME = "Gavin Wong";
				TargetAttributes = {
					47E20CD723384EA60094A591 = {
						CreatedOnToolsVersion = 11.0;
					};
				};
			};
			buildConfigurationList = 47E20CD323384EA60094A591 /* Build configuration list for PBXProject "Todoey2" */;
			compatibilityVersion = "Xcode 9.3";
			developmentRegion = en;
			hasScannedForEncodings = 0;
			knownRegions = (
				en,
				Base,
			);
			mainGroup = 47E20CCF23384EA60094A591;
			productRefGroup = 47E20CD923384EA60094A591 /* Products */;
			projectDirPath = "";
			projectRoot = "";
			targets = (
				47E20CD723384EA60094A591 /* Todoey2 */,
			);
		};
/* End PBXProject section */

/* Begin PBXResourcesBuildPhase section */
		47E20CD623384EA60094A591 /* Resources */ = {
			isa = PBXResourcesBuildPhase;
			buildActionMask = 2147483647;
			files = (
				47E20CE823384EA60094A591 /* LaunchScreen.storyboard in Resources */,
				47E20CE523384EA60094A591 /* Assets.xcassets in Resources */,
				47E20CE323384EA60094A591 /* Main.storyboard in Resources */,
			);
			runOnlyForDeploymentPostprocessing = 0;
		};
/* End PBXResourcesBuildPhase section */

/* Begin PBXSourcesBuildPhase section */
		47E20CD423384EA60094A591 /* Sources */ = {
			isa = PBXSourcesBuildPhase;
			buildActionMask = 2147483647;
			files = (
				47E20CE023384EA60094A591 /* TodoListViewController.swift in Sources */,
				47E20CDC23384EA60094A591 /* AppDelegate.swift in Sources */,
				47E20CDE23384EA60094A591 /* SceneDelegate.swift in Sources */,
			);
			runOnlyForDeploymentPostprocessing = 0;
		};
/* End PBXSourcesBuildPhase section */

/* Begin PBXVariantGroup section */
		47E20CE123384EA60094A591 /* Main.storyboard */ = {
			isa = PBXVariantGroup;
			children = (
				47E20CE223384EA60094A591 /* Base */,
			);
			name = Main.storyboard;
			sourceTree = "<group>";
		};
		47E20CE623384EA60094A591 /* LaunchScreen.storyboard */ = {
			isa = PBXVariantGroup;
			children = (
				47E20CE723384EA60094A591 /* Base */,
			);
			name = LaunchScreen.storyboard;
			sourceTree = "<group>";
		};
/* End PBXVariantGroup section */

/* Begin XCBuildConfiguration section */
		47E20CEA23384EA60094A591 /* Debug */ = {
			isa = XCBuildConfiguration;
			buildSettings = {
				ALWAYS_SEARCH_USER_PATHS = NO;
				CLANG_ANALYZER_NONNULL = YES;
				CLANG_ANALYZER_NUMBER_OBJECT_CONVERSION = YES_AGGRESSIVE;
				CLANG_CXX_LANGUAGE_STANDARD = "gnu++14";
				CLANG_CXX_LIBRARY = "libc++";
				CLANG_ENABLE_MODULES = YES;
				CLANG_ENABLE_OBJC_ARC = YES;
				CLANG_ENABLE_OBJC_WEAK = YES;
				CLANG_WARN_BLOCK_CAPTURE_AUTORELEASING = YES;
				CLANG_WARN_BOOL_CONVERSION = YES;
				CLANG_WARN_COMMA = YES;
				CLANG_WARN_CONSTANT_CONVERSION = YES;
				CLANG_WARN_DEPRECATED_OBJC_IMPLEMENTATIONS = YES;
				CLANG_WARN_DIRECT_OBJC_ISA_USAGE = YES_ERROR;
				CLANG_WARN_DOCUMENTATION_COMMENTS = YES;
				CLANG_WARN_EMPTY_BODY = YES;
				CLANG_WARN_ENUM_CONVERSION = YES;
				CLANG_WARN_INFINITE_RECURSION = YES;
				CLANG_WARN_INT_CONVERSION = YES;
				CLANG_WARN_NON_LITERAL_NULL_CONVERSION = YES;
				CLANG_WARN_OBJC_IMPLICIT_RETAIN_SELF = YES;
				CLANG_WARN_OBJC_LITERAL_CONVERSION = YES;
				CLANG_WARN_OBJC_ROOT_CLASS = YES_ERROR;
				CLANG_WARN_RANGE_LOOP_ANALYSIS = YES;
				CLANG_WARN_STRICT_PROTOTYPES = YES;
				CLANG_WARN_SUSPICIOUS_MOVE = YES;
				CLANG_WARN_UNGUARDED_AVAILABILITY = YES_AGGRESSIVE;
				CLANG_WARN_UNREACHABLE_CODE = YES;
				CLANG_WARN__DUPLICATE_METHOD_MATCH = YES;
				COPY_PHASE_STRIP = NO;
				DEBUG_INFORMATION_FORMAT = dwarf;
				ENABLE_STRICT_OBJC_MSGSEND = YES;
				ENABLE_TESTABILITY = YES;
				GCC_C_LANGUAGE_STANDARD = gnu11;
				GCC_DYNAMIC_NO_PIC = NO;
				GCC_NO_COMMON_BLOCKS = YES;
				GCC_OPTIMIZATION_LEVEL = 0;
				GCC_PREPROCESSOR_DEFINITIONS = (
					"DEBUG=1",
					"$(inherited)",
				);
				GCC_WARN_64_TO_32_BIT_CONVERSION = YES;
				GCC_WARN_ABOUT_RETURN_TYPE = YES_ERROR;
				GCC_WARN_UNDECLARED_SELECTOR = YES;
				GCC_WARN_UNINITIALIZED_AUTOS = YES_AGGRESSIVE;
				GCC_WARN_UNUSED_FUNCTION = YES;
				GCC_WARN_UNUSED_VARIABLE = YES;
				IPHONEOS_DEPLOYMENT_TARGET = 13.0;
				MTL_ENABLE_DEBUG_INFO = INCLUDE_SOURCE;
				MTL_FAST_MATH = YES;
				ONLY_ACTIVE_ARCH = YES;
				SDKROOT = iphoneos;
				SWIFT_ACTIVE_COMPILATION_CONDITIONS = DEBUG;
				SWIFT_OPTIMIZATION_LEVEL = "-Onone";
			};
			name = Debug;
		};
		47E20CEB23384EA60094A591 /* Release */ = {
			isa = XCBuildConfiguration;
			buildSettings = {
				ALWAYS_SEARCH_USER_PATHS = NO;
				CLANG_ANALYZER_NONNULL = YES;
				CLANG_ANALYZER_NUMBER_OBJECT_CONVERSION = YES_AGGRESSIVE;
				CLANG_CXX_LANGUAGE_STANDARD = "gnu++14";
				CLANG_CXX_LIBRARY = "libc++";
				CLANG_ENABLE_MODULES = YES;
				CLANG_ENABLE_OBJC_ARC = YES;
				CLANG_ENABLE_OBJC_WEAK = YES;
				CLANG_WARN_BLOCK_CAPTURE_AUTORELEASING = YES;
				CLANG_WARN_BOOL_CONVERSION = YES;
				CLANG_WARN_COMMA = YES;
				CLANG_WARN_CONSTANT_CONVERSION = YES;
				CLANG_WARN_DEPRECATED_OBJC_IMPLEMENTATIONS = YES;
				CLANG_WARN_DIRECT_OBJC_ISA_USAGE = YES_ERROR;
				CLANG_WARN_DOCUMENTATION_COMMENTS = YES;
				CLANG_WARN_EMPTY_BODY = YES;
				CLANG_WARN_ENUM_CONVERSION = YES;
				CLANG_WARN_INFINITE_RECURSION = YES;
				CLANG_WARN_INT_CONVERSION = YES;
				CLANG_WARN_NON_LITERAL_NULL_CONVERSION = YES;
				CLANG_WARN_OBJC_IMPLICIT_RETAIN_SELF = YES;
				CLANG_WARN_OBJC_LITERAL_CONVERSION = YES;
				CLANG_WARN_OBJC_ROOT_CLASS = YES_ERROR;
				CLANG_WARN_RANGE_LOOP_ANALYSIS = YES;
				CLANG_WARN_STRICT_PROTOTYPES = YES;
				CLANG_WARN_SUSPICIOUS_MOVE = YES;
				CLANG_WARN_UNGUARDED_AVAILABILITY = YES_AGGRESSIVE;
				CLANG_WARN_UNREACHABLE_CODE = YES;
				CLANG_WARN__DUPLICATE_METHOD_MATCH = YES;
				COPY_PHASE_STRIP = NO;
				DEBUG_INFORMATION_FORMAT = "dwarf-with-dsym";
				ENABLE_NS_ASSERTIONS = NO;
				ENABLE_STRICT_OBJC_MSGSEND = YES;
				GCC_C_LANGUAGE_STANDARD = gnu11;
				GCC_NO_COMMON_BLOCKS = YES;
				GCC_WARN_64_TO_32_BIT_CONVERSION = YES;
				GCC_WARN_ABOUT_RETURN_TYPE = YES_ERROR;
				GCC_WARN_UNDECLARED_SELECTOR = YES;
				GCC_WARN_UNINITIALIZED_AUTOS = YES_AGGRESSIVE;
				GCC_WARN_UNUSED_FUNCTION = YES;
				GCC_WARN_UNUSED_VARIABLE = YES;
				IPHONEOS_DEPLOYMENT_TARGET = 13.0;
				MTL_ENABLE_DEBUG_INFO = NO;
				MTL_FAST_MATH = YES;
				SDKROOT = iphoneos;
				SWIFT_COMPILATION_MODE = wholemodule;
				SWIFT_OPTIMIZATION_LEVEL = "-O";
				VALIDATE_PRODUCT = YES;
			};
			name = Release;
		};
		47E20CED23384EA60094A591 /* Debug */ = {
			isa = XCBuildConfiguration;
			buildSettings = {
				ASSETCATALOG_COMPILER_APPICON_NAME = AppIcon;
				CODE_SIGN_STYLE = Automatic;
				DEVELOPMENT_TEAM = 2386LZ47TS;
				INFOPLIST_FILE = Todoey2/Info.plist;
				IPHONEOS_DEPLOYMENT_TARGET = 13.0;
				LD_RUNPATH_SEARCH_PATHS = (
					"$(inherited)",
					"@executable_path/Frameworks",
				);
				PRODUCT_BUNDLE_IDENTIFIER = com.GavinWong.Todoey2;
				PRODUCT_NAME = Todoey2;
				SWIFT_VERSION = 5.0;
				TARGETED_DEVICE_FAMILY = "1,2";
			};
			name = Debug;
		};
		47E20CEE23384EA60094A591 /* Release */ = {
			isa = XCBuildConfiguration;
			buildSettings = {
				ASSETCATALOG_COMPILER_APPICON_NAME = AppIcon;
				CODE_SIGN_STYLE = Automatic;
				DEVELOPMENT_TEAM = 2386LZ47TS;
				INFOPLIST_FILE = Todoey2/Info.plist;
				IPHONEOS_DEPLOYMENT_TARGET = 13.0;
				LD_RUNPATH_SEARCH_PATHS = (
					"$(inherited)",
					"@executable_path/Frameworks",
				);
				PRODUCT_BUNDLE_IDENTIFIER = com.GavinWong.Todoey2;
				PRODUCT_NAME = Todoey2;
				SWIFT_VERSION = 5.0;
				TARGETED_DEVICE_FAMILY = "1,2";
			};
			name = Release;
		};
/* End XCBuildConfiguration section */

/* Begin XCConfigurationList section */
		47E20CD323384EA60094A591 /* Build configuration list for PBXProject "Todoey2" */ = {
			isa = XCConfigurationList;
			buildConfigurations = (
				47E20CEA23384EA60094A591 /* Debug */,
				47E20CEB23384EA60094A591 /* Release */,
			);
			defaultConfigurationIsVisible = 0;
			defaultConfigurationName = Release;
		};
		47E20CEC23384EA60094A591 /* Build configuration list for PBXNativeTarget "Todoey2" */ = {
			isa = XCConfigurationList;
			buildConfigurations = (
				47E20CED23384EA60094A591 /* Debug */,
				47E20CEE23384EA60094A591 /* Release */,
			);
			defaultConfigurationIsVisible = 0;
			defaultConfigurationName = Release;
		};
/* End XCConfigurationList section */
	};
	rootObject = 47E20CD023384EA60094A591 /* Project object */;
}
